{
    "version": 3,
    "terraform_version": "0.11.3",
    "serial": 21,
    "lineage": "bf9effea-9060-4f59-8c3e-78cb65150eeb",
    "modules": [
        {
            "path": [
                "root"
            ],
            "outputs": {},
            "resources": {
                "aws_autoscaling_group.rich-asg": {
                    "type": "aws_autoscaling_group",
                    "depends_on": [
                        "aws_elb.richard-elb",
                        "aws_launch_configuration.rich-lc",
                        "module.app-tier"
                    ],
                    "primary": {
                        "id": "autoscaling-group-rich",
                        "attributes": {
                            "arn": "arn:aws:autoscaling:eu-west-1:135928476890:autoScalingGroup:d89f4ee7-75a5-490c-a097-dbf83b9c2daa:autoScalingGroupName/autoscaling-group-rich",
                            "availability_zones.#": "1",
                            "availability_zones.94988580": "eu-west-1c",
                            "default_cooldown": "300",
                            "desired_capacity": "2",
                            "force_delete": "true",
                            "health_check_grace_period": "300",
                            "health_check_type": "EC2",
                            "id": "autoscaling-group-rich",
                            "launch_configuration": "richard-lc",
                            "load_balancers.#": "1",
                            "load_balancers.2474118572": "richard-terraform-elb",
                            "max_size": "3",
                            "metrics_granularity": "1Minute",
                            "min_size": "2",
                            "name": "autoscaling-group-rich",
                            "placement_group": "",
                            "protect_from_scale_in": "false",
                            "suspended_processes.#": "0",
                            "tag.#": "1",
                            "tag.37862660.key": "Name",
                            "tag.37862660.propagate_at_launch": "true",
                            "tag.37862660.value": "richard-auto-scaling",
                            "target_group_arns.#": "0",
                            "termination_policies.#": "0",
                            "vpc_zone_identifier.#": "1",
                            "vpc_zone_identifier.3520460308": "subnet-0fd40047",
                            "wait_for_capacity_timeout": "10m"
                        },
                        "meta": {
                            "e2bfb730-ecaa-11e6-8f88-34363bc7c4c0": {
                                "delete": 600000000000
                            }
                        },
                        "tainted": false
                    },
                    "deposed": [],
                    "provider": "provider.aws"
                },
                "aws_elb.richard-elb": {
                    "type": "aws_elb",
                    "depends_on": [
                        "module.app-tier"
                    ],
                    "primary": {
                        "id": "richard-terraform-elb",
                        "attributes": {
                            "access_logs.#": "0",
                            "arn": "arn:aws:elasticloadbalancing:eu-west-1:135928476890:loadbalancer/richard-terraform-elb",
                            "availability_zones.#": "1",
                            "availability_zones.94988580": "eu-west-1c",
                            "connection_draining": "true",
                            "connection_draining_timeout": "400",
                            "cross_zone_load_balancing": "true",
                            "dns_name": "richard-terraform-elb-1859741350.eu-west-1.elb.amazonaws.com",
                            "health_check.#": "1",
                            "health_check.0.healthy_threshold": "2",
                            "health_check.0.interval": "20",
                            "health_check.0.target": "HTTP:80/",
                            "health_check.0.timeout": "10",
                            "health_check.0.unhealthy_threshold": "4",
                            "id": "richard-terraform-elb",
                            "idle_timeout": "400",
                            "instances.#": "2",
                            "instances.137027805": "i-0ac3a1f2fb44b4d75",
                            "instances.1707528569": "i-0ac9b611cd71465ff",
                            "internal": "false",
                            "listener.#": "1",
                            "listener.3057123346.instance_port": "80",
                            "listener.3057123346.instance_protocol": "http",
                            "listener.3057123346.lb_port": "80",
                            "listener.3057123346.lb_protocol": "http",
                            "listener.3057123346.ssl_certificate_id": "",
                            "name": "richard-terraform-elb",
                            "security_groups.#": "1",
                            "security_groups.1432406793": "sg-ecd2b496",
                            "source_security_group": "135928476890/app-richard-tier",
                            "source_security_group_id": "sg-ecd2b496",
                            "subnets.#": "1",
                            "subnets.3520460308": "subnet-0fd40047",
                            "tags.%": "1",
                            "tags.Name": "richard-terraform-elb",
                            "zone_id": "Z32O12XQLNTSW2"
                        },
                        "meta": {},
                        "tainted": false
                    },
                    "deposed": [],
                    "provider": "provider.aws"
                },
                "aws_internet_gateway.gw": {
                    "type": "aws_internet_gateway",
                    "depends_on": [
                        "aws_vpc.app_vpc1"
                    ],
                    "primary": {
                        "id": "igw-700b9e17",
                        "attributes": {
                            "id": "igw-700b9e17",
                            "tags.%": "1",
                            "tags.Name": "richard-app-gateway",
                            "vpc_id": "vpc-8fe74de9"
                        },
                        "meta": {},
                        "tainted": false
                    },
                    "deposed": [],
                    "provider": "provider.aws"
                },
                "aws_launch_configuration.rich-lc": {
                    "type": "aws_launch_configuration",
                    "depends_on": [
                        "data.template_file.app_init",
                        "module.app-tier"
                    ],
                    "primary": {
                        "id": "richard-lc",
                        "attributes": {
                            "associate_public_ip_address": "false",
                            "ebs_block_device.#": "0",
                            "ebs_optimized": "false",
                            "enable_monitoring": "true",
                            "ephemeral_block_device.#": "0",
                            "iam_instance_profile": "",
                            "id": "richard-lc",
                            "image_id": "ami-49a1e630",
                            "instance_type": "t2.micro",
                            "key_name": "",
                            "name": "richard-lc",
                            "root_block_device.#": "0",
                            "security_groups.#": "1",
                            "security_groups.1432406793": "sg-ecd2b496",
                            "spot_price": "",
                            "user_data": "3745255faff12675f262ca075baf784b40d6aeb1",
                            "vpc_classic_link_id": "",
                            "vpc_classic_link_security_groups.#": "0"
                        },
                        "meta": {},
                        "tainted": false
                    },
                    "deposed": [],
                    "provider": "provider.aws"
                },
                "aws_route_table.r": {
                    "type": "aws_route_table",
                    "depends_on": [
                        "aws_internet_gateway.gw",
                        "aws_vpc.app_vpc1"
                    ],
                    "primary": {
                        "id": "rtb-55e7222c",
                        "attributes": {
                            "id": "rtb-55e7222c",
                            "propagating_vgws.#": "0",
                            "route.#": "1",
                            "route.3914570570.cidr_block": "0.0.0.0/0",
                            "route.3914570570.egress_only_gateway_id": "",
                            "route.3914570570.gateway_id": "igw-700b9e17",
                            "route.3914570570.instance_id": "",
                            "route.3914570570.ipv6_cidr_block": "",
                            "route.3914570570.nat_gateway_id": "",
                            "route.3914570570.network_interface_id": "",
                            "route.3914570570.vpc_peering_connection_id": "",
                            "tags.%": "1",
                            "tags.Name": "richard-gateway-public",
                            "vpc_id": "vpc-8fe74de9"
                        },
                        "meta": {},
                        "tainted": false
                    },
                    "deposed": [],
                    "provider": "provider.aws"
                },
                "aws_vpc.app_vpc1": {
                    "type": "aws_vpc",
                    "depends_on": [],
                    "primary": {
                        "id": "vpc-8fe74de9",
                        "attributes": {
                            "assign_generated_ipv6_cidr_block": "false",
                            "cidr_block": "10.22.0.0/16",
                            "default_network_acl_id": "acl-65a5fe03",
                            "default_route_table_id": "rtb-3dd31644",
                            "default_security_group_id": "sg-2dd4b257",
                            "dhcp_options_id": "dopt-18d5d77d",
                            "enable_classiclink": "false",
                            "enable_classiclink_dns_support": "false",
                            "enable_dns_hostnames": "true",
                            "enable_dns_support": "true",
                            "id": "vpc-8fe74de9",
                            "instance_tenancy": "default",
                            "main_route_table_id": "rtb-3dd31644",
                            "tags.%": "1",
                            "tags.Name": "richard-app-vpc"
                        },
                        "meta": {
                            "schema_version": "1"
                        },
                        "tainted": false
                    },
                    "deposed": [],
                    "provider": "provider.aws"
                },
                "data.template_file.app_init": {
                    "type": "template_file",
                    "depends_on": [
                        "module.db-tier"
                    ],
                    "primary": {
                        "id": "80147f70722bfa10e68e9c33d642c5b281921db733e8cbbf6e20f39e7cc35bce",
                        "attributes": {
                            "id": "80147f70722bfa10e68e9c33d642c5b281921db733e8cbbf6e20f39e7cc35bce",
                            "rendered": "#!/bin/bash\ncd /home/ubuntu/app\nexport DB_HOST=mongodb://10.22.2.7:27017\n# npm install\nnode app.js",
                            "template": "#!/bin/bash\ncd /home/ubuntu/app\nexport DB_HOST=mongodb://${mongodb_ip}:27017\n# npm install\nnode app.js",
                            "vars.%": "1",
                            "vars.mongodb_ip": "10.22.2.7"
                        },
                        "meta": {},
                        "tainted": false
                    },
                    "deposed": [],
                    "provider": "provider.template"
                }
            },
            "depends_on": []
        },
        {
            "path": [
                "root",
                "app-tier"
            ],
            "outputs": {
                "app_id": {
                    "sensitive": false,
                    "type": "list",
                    "value": [
                        "i-0ac3a1f2fb44b4d75",
                        "i-0ac9b611cd71465ff"
                    ]
                },
                "app_subnet": {
                    "sensitive": false,
                    "type": "string",
                    "value": "subnet-0fd40047"
                },
                "private_ip": {
                    "sensitive": false,
                    "type": "string",
                    "value": "10.22.1.182"
                },
                "sec_group": {
                    "sensitive": false,
                    "type": "string",
                    "value": "sg-ecd2b496"
                },
                "subnet_cidr_block": {
                    "sensitive": false,
                    "type": "string",
                    "value": "10.22.1.0/24"
                }
            },
            "resources": {
                "aws_instance.app.0": {
                    "type": "aws_instance",
                    "depends_on": [
                        "aws_security_group.app_sg",
                        "aws_subnet.app_subnet"
                    ],
                    "primary": {
                        "id": "i-0ac3a1f2fb44b4d75",
                        "attributes": {
                            "ami": "ami-49a1e630",
                            "associate_public_ip_address": "true",
                            "availability_zone": "eu-west-1c",
                            "disable_api_termination": "false",
                            "ebs_block_device.#": "0",
                            "ebs_optimized": "false",
                            "ephemeral_block_device.#": "0",
                            "iam_instance_profile": "",
                            "id": "i-0ac3a1f2fb44b4d75",
                            "instance_state": "running",
                            "instance_type": "t2.micro",
                            "ipv6_addresses.#": "0",
                            "key_name": "",
                            "monitoring": "false",
                            "network_interface.#": "0",
                            "network_interface_id": "eni-c791e4f4",
                            "placement_group": "",
                            "primary_network_interface_id": "eni-c791e4f4",
                            "private_dns": "ip-10-22-1-182.eu-west-1.compute.internal",
                            "private_ip": "10.22.1.182",
                            "public_dns": "ec2-34-240-183-37.eu-west-1.compute.amazonaws.com",
                            "public_ip": "34.240.183.37",
                            "root_block_device.#": "1",
                            "root_block_device.0.delete_on_termination": "true",
                            "root_block_device.0.iops": "100",
                            "root_block_device.0.volume_id": "vol-0a6e4e9c57f427b86",
                            "root_block_device.0.volume_size": "8",
                            "root_block_device.0.volume_type": "gp2",
                            "security_groups.#": "0",
                            "source_dest_check": "true",
                            "subnet_id": "subnet-0fd40047",
                            "tags.%": "1",
                            "tags.Name": "app-richard-tier",
                            "tenancy": "default",
                            "user_data": "3745255faff12675f262ca075baf784b40d6aeb1",
                            "volume_tags.%": "0",
                            "vpc_security_group_ids.#": "1",
                            "vpc_security_group_ids.1432406793": "sg-ecd2b496"
                        },
                        "meta": {
                            "e2bfb730-ecaa-11e6-8f88-34363bc7c4c0": {
                                "create": 600000000000,
                                "delete": 1200000000000,
                                "update": 600000000000
                            },
                            "schema_version": "1"
                        },
                        "tainted": false
                    },
                    "deposed": [],
                    "provider": "provider.aws"
                },
                "aws_instance.app.1": {
                    "type": "aws_instance",
                    "depends_on": [
                        "aws_security_group.app_sg",
                        "aws_subnet.app_subnet"
                    ],
                    "primary": {
                        "id": "i-0ac9b611cd71465ff",
                        "attributes": {
                            "ami": "ami-49a1e630",
                            "associate_public_ip_address": "true",
                            "availability_zone": "eu-west-1c",
                            "disable_api_termination": "false",
                            "ebs_block_device.#": "0",
                            "ebs_optimized": "false",
                            "ephemeral_block_device.#": "0",
                            "iam_instance_profile": "",
                            "id": "i-0ac9b611cd71465ff",
                            "instance_state": "running",
                            "instance_type": "t2.micro",
                            "ipv6_addresses.#": "0",
                            "key_name": "",
                            "monitoring": "false",
                            "network_interface.#": "0",
                            "network_interface_id": "eni-c294e1f1",
                            "placement_group": "",
                            "primary_network_interface_id": "eni-c294e1f1",
                            "private_dns": "ip-10-22-1-94.eu-west-1.compute.internal",
                            "private_ip": "10.22.1.94",
                            "public_dns": "ec2-54-154-38-207.eu-west-1.compute.amazonaws.com",
                            "public_ip": "54.154.38.207",
                            "root_block_device.#": "1",
                            "root_block_device.0.delete_on_termination": "true",
                            "root_block_device.0.iops": "100",
                            "root_block_device.0.volume_id": "vol-0d55f91c154b0c134",
                            "root_block_device.0.volume_size": "8",
                            "root_block_device.0.volume_type": "gp2",
                            "security_groups.#": "0",
                            "source_dest_check": "true",
                            "subnet_id": "subnet-0fd40047",
                            "tags.%": "1",
                            "tags.Name": "app-richard-tier",
                            "tenancy": "default",
                            "user_data": "3745255faff12675f262ca075baf784b40d6aeb1",
                            "volume_tags.%": "0",
                            "vpc_security_group_ids.#": "1",
                            "vpc_security_group_ids.1432406793": "sg-ecd2b496"
                        },
                        "meta": {
                            "e2bfb730-ecaa-11e6-8f88-34363bc7c4c0": {
                                "create": 600000000000,
                                "delete": 1200000000000,
                                "update": 600000000000
                            },
                            "schema_version": "1"
                        },
                        "tainted": false
                    },
                    "deposed": [],
                    "provider": "provider.aws"
                },
                "aws_route_table_association.rt": {
                    "type": "aws_route_table_association",
                    "depends_on": [
                        "aws_subnet.app_subnet"
                    ],
                    "primary": {
                        "id": "rtbassoc-0666ef7e",
                        "attributes": {
                            "id": "rtbassoc-0666ef7e",
                            "route_table_id": "rtb-55e7222c",
                            "subnet_id": "subnet-0fd40047"
                        },
                        "meta": {},
                        "tainted": false
                    },
                    "deposed": [],
                    "provider": "provider.aws"
                },
                "aws_security_group.app_sg": {
                    "type": "aws_security_group",
                    "depends_on": [],
                    "primary": {
                        "id": "sg-ecd2b496",
                        "attributes": {
                            "description": "Allow all inbound traffic",
                            "egress.#": "1",
                            "egress.482069346.cidr_blocks.#": "1",
                            "egress.482069346.cidr_blocks.0": "0.0.0.0/0",
                            "egress.482069346.description": "",
                            "egress.482069346.from_port": "0",
                            "egress.482069346.ipv6_cidr_blocks.#": "0",
                            "egress.482069346.prefix_list_ids.#": "0",
                            "egress.482069346.protocol": "-1",
                            "egress.482069346.security_groups.#": "0",
                            "egress.482069346.self": "false",
                            "egress.482069346.to_port": "0",
                            "id": "sg-ecd2b496",
                            "ingress.#": "0",
                            "name": "app-richard-tier",
                            "owner_id": "135928476890",
                            "revoke_rules_on_delete": "false",
                            "tags.%": "1",
                            "tags.Name": "app-richard-tier",
                            "vpc_id": "vpc-8fe74de9"
                        },
                        "meta": {
                            "schema_version": "1"
                        },
                        "tainted": false
                    },
                    "deposed": [],
                    "provider": "provider.aws"
                },
                "aws_security_group_rule.app_sg_rule": {
                    "type": "aws_security_group_rule",
                    "depends_on": [
                        "aws_security_group.app_sg"
                    ],
                    "primary": {
                        "id": "sgrule-3132565677",
                        "attributes": {
                            "cidr_blocks.#": "1",
                            "cidr_blocks.0": "0.0.0.0/0",
                            "from_port": "80",
                            "id": "sgrule-3132565677",
                            "protocol": "tcp",
                            "security_group_id": "sg-ecd2b496",
                            "self": "false",
                            "to_port": "80",
                            "type": "ingress"
                        },
                        "meta": {
                            "schema_version": "2"
                        },
                        "tainted": false
                    },
                    "deposed": [],
                    "provider": "provider.aws"
                },
                "aws_subnet.app_subnet": {
                    "type": "aws_subnet",
                    "depends_on": [],
                    "primary": {
                        "id": "subnet-0fd40047",
                        "attributes": {
                            "assign_ipv6_address_on_creation": "false",
                            "availability_zone": "eu-west-1c",
                            "cidr_block": "10.22.1.0/24",
                            "id": "subnet-0fd40047",
                            "map_public_ip_on_launch": "true",
                            "tags.%": "1",
                            "tags.Name": "app-richard-tier",
                            "vpc_id": "vpc-8fe74de9"
                        },
                        "meta": {
                            "schema_version": "1"
                        },
                        "tainted": false
                    },
                    "deposed": [],
                    "provider": "provider.aws"
                }
            },
            "depends_on": []
        },
        {
            "path": [
                "root",
                "db-tier"
            ],
            "outputs": {
                "app_id": {
                    "sensitive": false,
                    "type": "list",
                    "value": [
                        "i-06b52595c8640bfdd"
                    ]
                },
                "app_subnet": {
                    "sensitive": false,
                    "type": "string",
                    "value": "subnet-944241cf"
                },
                "private_ip": {
                    "sensitive": false,
                    "type": "string",
                    "value": "10.22.2.7"
                },
                "sec_group": {
                    "sensitive": false,
                    "type": "string",
                    "value": "sg-cdcbadb7"
                },
                "subnet_cidr_block": {
                    "sensitive": false,
                    "type": "string",
                    "value": "10.22.2.0/24"
                }
            },
            "resources": {
                "aws_instance.app": {
                    "type": "aws_instance",
                    "depends_on": [
                        "aws_security_group.app_sg",
                        "aws_subnet.app_subnet"
                    ],
                    "primary": {
                        "id": "i-06b52595c8640bfdd",
                        "attributes": {
                            "ami": "ami-c69bf0bf",
                            "associate_public_ip_address": "false",
                            "availability_zone": "eu-west-1a",
                            "disable_api_termination": "false",
                            "ebs_block_device.#": "0",
                            "ebs_optimized": "false",
                            "ephemeral_block_device.#": "0",
                            "iam_instance_profile": "",
                            "id": "i-06b52595c8640bfdd",
                            "instance_state": "running",
                            "instance_type": "t2.micro",
                            "ipv6_addresses.#": "0",
                            "key_name": "",
                            "monitoring": "false",
                            "network_interface.#": "0",
                            "network_interface_id": "eni-645e9761",
                            "placement_group": "",
                            "primary_network_interface_id": "eni-645e9761",
                            "private_dns": "ip-10-22-2-7.eu-west-1.compute.internal",
                            "private_ip": "10.22.2.7",
                            "public_dns": "",
                            "public_ip": "",
                            "root_block_device.#": "1",
                            "root_block_device.0.delete_on_termination": "true",
                            "root_block_device.0.iops": "100",
                            "root_block_device.0.volume_id": "vol-08309c145713b741d",
                            "root_block_device.0.volume_size": "8",
                            "root_block_device.0.volume_type": "gp2",
                            "security_groups.#": "0",
                            "source_dest_check": "true",
                            "subnet_id": "subnet-944241cf",
                            "tags.%": "1",
                            "tags.Name": "db-richard-tier",
                            "tenancy": "default",
                            "user_data": "da39a3ee5e6b4b0d3255bfef95601890afd80709",
                            "volume_tags.%": "0",
                            "vpc_security_group_ids.#": "1",
                            "vpc_security_group_ids.603928100": "sg-cdcbadb7"
                        },
                        "meta": {
                            "e2bfb730-ecaa-11e6-8f88-34363bc7c4c0": {
                                "create": 600000000000,
                                "delete": 1200000000000,
                                "update": 600000000000
                            },
                            "schema_version": "1"
                        },
                        "tainted": false
                    },
                    "deposed": [],
                    "provider": "provider.aws"
                },
                "aws_route_table_association.rt": {
                    "type": "aws_route_table_association",
                    "depends_on": [
                        "aws_subnet.app_subnet"
                    ],
                    "primary": {
                        "id": "rtbassoc-0961e871",
                        "attributes": {
                            "id": "rtbassoc-0961e871",
                            "route_table_id": "rtb-3dd31644",
                            "subnet_id": "subnet-944241cf"
                        },
                        "meta": {},
                        "tainted": false
                    },
                    "deposed": [],
                    "provider": "provider.aws"
                },
                "aws_security_group.app_sg": {
                    "type": "aws_security_group",
                    "depends_on": [],
                    "primary": {
                        "id": "sg-cdcbadb7",
                        "attributes": {
                            "description": "Allow all inbound traffic",
                            "egress.#": "1",
                            "egress.482069346.cidr_blocks.#": "1",
                            "egress.482069346.cidr_blocks.0": "0.0.0.0/0",
                            "egress.482069346.description": "",
                            "egress.482069346.from_port": "0",
                            "egress.482069346.ipv6_cidr_blocks.#": "0",
                            "egress.482069346.prefix_list_ids.#": "0",
                            "egress.482069346.protocol": "-1",
                            "egress.482069346.security_groups.#": "0",
                            "egress.482069346.self": "false",
                            "egress.482069346.to_port": "0",
                            "id": "sg-cdcbadb7",
                            "ingress.#": "0",
                            "name": "db-richard-tier",
                            "owner_id": "135928476890",
                            "revoke_rules_on_delete": "false",
                            "tags.%": "1",
                            "tags.Name": "db-richard-tier",
                            "vpc_id": "vpc-8fe74de9"
                        },
                        "meta": {
                            "schema_version": "1"
                        },
                        "tainted": false
                    },
                    "deposed": [],
                    "provider": "provider.aws"
                },
                "aws_security_group_rule.app_sg_rule": {
                    "type": "aws_security_group_rule",
                    "depends_on": [
                        "aws_security_group.app_sg"
                    ],
                    "primary": {
                        "id": "sgrule-3858964106",
                        "attributes": {
                            "cidr_blocks.#": "1",
                            "cidr_blocks.0": "10.22.1.0/24",
                            "from_port": "27017",
                            "id": "sgrule-3858964106",
                            "protocol": "tcp",
                            "security_group_id": "sg-cdcbadb7",
                            "self": "false",
                            "to_port": "27017",
                            "type": "ingress"
                        },
                        "meta": {
                            "schema_version": "2"
                        },
                        "tainted": false
                    },
                    "deposed": [],
                    "provider": "provider.aws"
                },
                "aws_subnet.app_subnet": {
                    "type": "aws_subnet",
                    "depends_on": [],
                    "primary": {
                        "id": "subnet-944241cf",
                        "attributes": {
                            "assign_ipv6_address_on_creation": "false",
                            "availability_zone": "eu-west-1a",
                            "cidr_block": "10.22.2.0/24",
                            "id": "subnet-944241cf",
                            "map_public_ip_on_launch": "false",
                            "tags.%": "1",
                            "tags.Name": "db-richard-tier",
                            "vpc_id": "vpc-8fe74de9"
                        },
                        "meta": {
                            "schema_version": "1"
                        },
                        "tainted": false
                    },
                    "deposed": [],
                    "provider": "provider.aws"
                }
            },
            "depends_on": []
        }
    ]
}
